<?xml version="1.0" encoding="utf-8"?>
<Project ToolsVersion="4.0" xmlns="http://schemas.microsoft.com/developer/msbuild/2003">
  <ItemGroup>
    <Filter Include="Source Files">
      <UniqueIdentifier>{4FC737F1-C7A5-4376-A066-2A32D752A2FF}</UniqueIdentifier>
      <Extensions>cpp;c;cc;cxx;def;odl;idl;hpj;bat;asm;asmx</Extensions>
    </Filter>
    <Filter Include="Header Files">
      <UniqueIdentifier>{93995380-89BD-4b04-88EB-625FBE52EBFB}</UniqueIdentifier>
      <Extensions>h;hpp;hxx;hm;inl;inc;xsd</Extensions>
    </Filter>
    <Filter Include="Resource Files">
      <UniqueIdentifier>{67DA6AB6-F800-4c08-8B7A-83BB121AAD01}</UniqueIdentifier>
      <Extensions>rc;ico;cur;bmp;dlg;rc2;rct;bin;rgs;gif;jpg;jpeg;jpe;resx;tiff;tif;png;wav</Extensions>
    </Filter>
  </ItemGroup>
  <ItemGroup>
    <ClCompile Include="Camera.cpp">
      <Filter>Source Files</Filter>
    </ClCompile>
    <ClCompile Include="glm.cpp">
      <Filter>Source Files</Filter>
    </ClCompile>
    <ClCompile Include="InitShader.cpp">
      <Filter>Source Files</Filter>
    </ClCompile>
    <ClCompile Include="stdafx.cpp">
      <Filter>Source Files</Filter>
    </ClCompile>
    <ClCompile Include="VillageWithLights.cpp">
      <Filter>Source Files</Filter>
    </ClCompile>
  </ItemGroup>
  <ItemGroup>
    <ClInclude Include="Camera.h">
      <Filter>Header Files</Filter>
    </ClInclude>
    <ClInclude Include="glm.h">
      <Filter>Header Files</Filter>
    </ClInclude>
    <ClInclude Include="LightAndMaterial.h">
      <Filter>Header Files</Filter>
    </ClInclude>
    <ClInclude Include="Models.h">
      <Filter>Header Files</Filter>
    </ClInclude>
    <ClInclude Include="stdafx.h">
      <Filter>Header Files</Filter>
    </ClInclude>
    <ClInclude Include="targetver.h">
      <Filter>Header Files</Filter>
    </ClInclude>
    <ClInclude Include="..\..\..\..\..\..\..\Luckin%27\Documents\Visual Studio 2010\Projects\CS537-Assignments\New_Final_HaoKang\VillageWithLights\Angel.h">
      <Filter>Header Files</Filter>
    </ClInclude>
    <ClInclude Include="..\..\..\..\..\..\..\Luckin%27\Documents\Visual Studio 2010\Projects\CS537-Assignments\New_Final_HaoKang\VillageWithLights\CheckError.h">
      <Filter>Header Files</Filter>
    </ClInclude>
    <ClInclude Include="..\..\..\..\..\..\..\Luckin%27\Documents\Visual Studio 2010\Projects\CS537-Assignments\New_Final_HaoKang\VillageWithLights\mat.h">
      <Filter>Header Files</Filter>
    </ClInclude>
    <ClInclude Include="..\..\..\..\..\..\..\Luckin%27\Documents\Visual Studio 2010\Projects\CS537-Assignments\New_Final_HaoKang\VillageWithLights\vec.h">
      <Filter>Header Files</Filter>
    </ClInclude>
  </ItemGroup>
  <ItemGroup>
    <None Include="ReadMe.txt" />
    <None Include="..\..\..\..\..\..\..\Luckin%27\Documents\Visual Studio 2010\Projects\CS537-Assignments\New_Final_HaoKang\VillageWithLights\skyPro.f" />
    <None Include="..\..\..\..\..\..\..\Luckin%27\Documents\Visual Studio 2010\Projects\CS537-Assignments\New_Final_HaoKang\VillageWithLights\arrayPro.f" />
    <None Include="..\..\..\..\..\..\..\Luckin%27\Documents\Visual Studio 2010\Projects\CS537-Assignments\New_Final_HaoKang\VillageWithLights\carPro.f" />
    <None Include="..\..\..\..\..\..\..\Luckin%27\Documents\Visual Studio 2010\Projects\CS537-Assignments\New_Final_HaoKang\VillageWithLights\cubeMap.f" />
    <None Include="..\..\..\..\..\..\..\Luckin%27\Documents\Visual Studio 2010\Projects\CS537-Assignments\New_Final_HaoKang\VillageWithLights\glutPro.f" />
    <None Include="..\..\..\..\..\..\..\Luckin%27\Documents\Visual Studio 2010\Projects\CS537-Assignments\New_Final_HaoKang\VillageWithLights\arrayPro.v" />
    <None Include="..\..\..\..\..\..\..\Luckin%27\Documents\Visual Studio 2010\Projects\CS537-Assignments\New_Final_HaoKang\VillageWithLights\carPro.v" />
    <None Include="..\..\..\..\..\..\..\Luckin%27\Documents\Visual Studio 2010\Projects\CS537-Assignments\New_Final_HaoKang\VillageWithLights\cubeMap.v" />
    <None Include="..\..\..\..\..\..\..\Luckin%27\Documents\Visual Studio 2010\Projects\CS537-Assignments\New_Final_HaoKang\VillageWithLights\glutPro.v" />
    <None Include="..\..\..\..\..\..\..\Luckin%27\Documents\Visual Studio 2010\Projects\CS537-Assignments\New_Final_HaoKang\VillageWithLights\skyPro.v" />
  </ItemGroup>
</Project>